
Microsoft Visual Studio Solution File, Format Version 12.00
# Visual Studio Version 16
VisualStudioVersion = 16.0.31515.178
MinimumVisualStudioVersion = 10.0.40219.1
Project("{FAE04EC0-301F-11D3-BF4B-00C04F79EFBC}") = "NardyHondaScraper", "NardyHondaScraper.csproj", "{4BF441F6-F2E0-4340-B079-54974B5DE980}"
EndProject
Global
	GlobalSection(SolutionConfigurationPlatforms) = preSolution
		Debug|Any CPU = Debug|Any CPU
		Release|Any CPU = Release|Any CPU
	EndGlobalSection
	GlobalSection(ProjectConfigurationPlatforms) = postSolution
		{4BF441F6-F2E0-4340-B079-54974B5DE980}.Debug|Any CPU.ActiveCfg = Debug|Any CPU
		{4BF441F6-F2E0-4340-B079-54974B5DE980}.Debug|Any CPU.Build.0 = Debug|Any CPU
		{4BF441F6-F2E0-4340-B079-54974B5DE980}.Release|Any CPU.ActiveCfg = Release|Any CPU
		{4BF441F6-F2E0-4340-B079-54974B5DE980}.Release|Any CPU.Build.0 = Release|Any CPU
	EndGlobalSection
	GlobalSection(SolutionProperties) = preSolution
		HideSolutionNode = FALSE
	EndGlobalSection
	GlobalSection(ExtensibilityGlobals) = postSolution
		SolutionGuid = {FE72B619-AA8C-4992-AAFA-FFDD2FEC3692}
	EndGlobalSection
EndGlobal
